// !$*UTF8*$!
{
	archiveVersion = 1;
	classes = {
	};
	objectVersion = 55;
	objects = {

/* Begin PBXBuildFile section */
		FE579AE527478461000C258E /* AlbumCollectionViewCell.swift in Sources */ = {isa = PBXBuildFile; fileRef = FE579AE327478461000C258E /* AlbumCollectionViewCell.swift */; };
		FE579AE627478461000C258E /* AlbumCollectionViewCell.xib in Resources */ = {isa = PBXBuildFile; fileRef = FE579AE427478461000C258E /* AlbumCollectionViewCell.xib */; };
		FE579AE82747E865000C258E /* SettingTableViewCell.swift in Sources */ = {isa = PBXBuildFile; fileRef = FE579AE72747E865000C258E /* SettingTableViewCell.swift */; };
		FE579AEC27493FF1000C258E /* Kyobo Handwriting 2019.otf in Resources */ = {isa = PBXBuildFile; fileRef = FE579AEB27493FF1000C258E /* Kyobo Handwriting 2019.otf */; };
		FE579AF3274B7CEC000C258E /* FilterCollectionViewCell.swift in Sources */ = {isa = PBXBuildFile; fileRef = FE579AF1274B7CEB000C258E /* FilterCollectionViewCell.swift */; };
		FE579AF4274B7CEC000C258E /* FilterCollectionViewCell.xib in Resources */ = {isa = PBXBuildFile; fileRef = FE579AF2274B7CEB000C258E /* FilterCollectionViewCell.xib */; };
		FE579AF8274D5964000C258E /* PhotoFilter.swift in Sources */ = {isa = PBXBuildFile; fileRef = FE579AF7274D5964000C258E /* PhotoFilter.swift */; };
		FE579B1E274DFE6B000C258E /* RealmModel.swift in Sources */ = {isa = PBXBuildFile; fileRef = FE579B1D274DFE6B000C258E /* RealmModel.swift */; };
		FE579B20274E04C6000C258E /* UIExtension.swift in Sources */ = {isa = PBXBuildFile; fileRef = FE579B1F274E04C6000C258E /* UIExtension.swift */; };
		FE579B23274E0A36000C258E /* Realm in Frameworks */ = {isa = PBXBuildFile; productRef = FE579B22274E0A36000C258E /* Realm */; };
		FE579B25274E0A36000C258E /* RealmSwift in Frameworks */ = {isa = PBXBuildFile; productRef = FE579B24274E0A36000C258E /* RealmSwift */; };
		FE579B29274F5E88000C258E /* PhotoDataExtension.swift in Sources */ = {isa = PBXBuildFile; fileRef = FE579B28274F5E88000C258E /* PhotoDataExtension.swift */; };
		FE640D4A27534ED000AFD405 /* IQKeyboardManagerSwift in Frameworks */ = {isa = PBXBuildFile; productRef = FE640D4927534ED000AFD405 /* IQKeyboardManagerSwift */; };
		FE640D4D2755F97E00AFD405 /* Zip in Frameworks */ = {isa = PBXBuildFile; productRef = FE640D4C2755F97E00AFD405 /* Zip */; };
		FE640D4F275682B000AFD405 /* License.storyboard in Resources */ = {isa = PBXBuildFile; fileRef = FE640D4E275682B000AFD405 /* License.storyboard */; };
		FE640D51275682CB00AFD405 /* LicenseViewController.swift in Sources */ = {isa = PBXBuildFile; fileRef = FE640D50275682CB00AFD405 /* LicenseViewController.swift */; };
		FE7491F92744DCE600AB8995 /* AlbumViewController.swift in Sources */ = {isa = PBXBuildFile; fileRef = FE7491F82744DCE600AB8995 /* AlbumViewController.swift */; };
		FE7491FF2744DDF200AB8995 /* MainViewController.swift in Sources */ = {isa = PBXBuildFile; fileRef = FE7491FE2744DDF200AB8995 /* MainViewController.swift */; };
		FE7492012744DE0700AB8995 /* SettingViewController.swift in Sources */ = {isa = PBXBuildFile; fileRef = FE7492002744DE0700AB8995 /* SettingViewController.swift */; };
		FE7492032744E5FF00AB8995 /* Setting.storyboard in Resources */ = {isa = PBXBuildFile; fileRef = FE7492022744E5FF00AB8995 /* Setting.storyboard */; };
		FE7492052744E60800AB8995 /* Main.storyboard in Resources */ = {isa = PBXBuildFile; fileRef = FE7492042744E60800AB8995 /* Main.storyboard */; };
		FE7492072744E61400AB8995 /* Album.storyboard in Resources */ = {isa = PBXBuildFile; fileRef = FE7492062744E61400AB8995 /* Album.storyboard */; };
		FE749209274623DE00AB8995 /* Add.storyboard in Resources */ = {isa = PBXBuildFile; fileRef = FE749208274623DE00AB8995 /* Add.storyboard */; };
		FE74920B274623EE00AB8995 /* Picking.storyboard in Resources */ = {isa = PBXBuildFile; fileRef = FE74920A274623EE00AB8995 /* Picking.storyboard */; };
		FE74920D274623F700AB8995 /* Look.storyboard in Resources */ = {isa = PBXBuildFile; fileRef = FE74920C274623F700AB8995 /* Look.storyboard */; };
		FE74920F2746240500AB8995 /* Modify.storyboard in Resources */ = {isa = PBXBuildFile; fileRef = FE74920E2746240500AB8995 /* Modify.storyboard */; };
		FE7492112746241E00AB8995 /* AddViewController.swift in Sources */ = {isa = PBXBuildFile; fileRef = FE7492102746241E00AB8995 /* AddViewController.swift */; };
		FE7492132746242A00AB8995 /* PickingViewController.swift in Sources */ = {isa = PBXBuildFile; fileRef = FE7492122746242A00AB8995 /* PickingViewController.swift */; };
		FE7492152746243D00AB8995 /* LookViewController.swift in Sources */ = {isa = PBXBuildFile; fileRef = FE7492142746243D00AB8995 /* LookViewController.swift */; };
		FE7492172746244800AB8995 /* ModifyViewController.swift in Sources */ = {isa = PBXBuildFile; fileRef = FE7492162746244800AB8995 /* ModifyViewController.swift */; };
		FE74921B2746384800AB8995 /* MainCollectionViewCell.swift in Sources */ = {isa = PBXBuildFile; fileRef = FE7492192746384800AB8995 /* MainCollectionViewCell.swift */; };
		FE74921C2746384800AB8995 /* MainCollectionViewCell.xib in Resources */ = {isa = PBXBuildFile; fileRef = FE74921A2746384800AB8995 /* MainCollectionViewCell.xib */; };
		FECA36ED2742D02E00C01FF8 /* AppDelegate.swift in Sources */ = {isa = PBXBuildFile; fileRef = FECA36EC2742D02E00C01FF8 /* AppDelegate.swift */; };
		FECA36EF2742D02E00C01FF8 /* SceneDelegate.swift in Sources */ = {isa = PBXBuildFile; fileRef = FECA36EE2742D02E00C01FF8 /* SceneDelegate.swift */; };
		FECA36F42742D02E00C01FF8 /* Base.storyboard in Resources */ = {isa = PBXBuildFile; fileRef = FECA36F22742D02E00C01FF8 /* Base.storyboard */; };
		FECA36F62742D03100C01FF8 /* Assets.xcassets in Resources */ = {isa = PBXBuildFile; fileRef = FECA36F52742D03100C01FF8 /* Assets.xcassets */; };
		FECA36F92742D03100C01FF8 /* LaunchScreen.storyboard in Resources */ = {isa = PBXBuildFile; fileRef = FECA36F72742D03100C01FF8 /* LaunchScreen.storyboard */; };
/* End PBXBuildFile section */

/* Begin PBXFileReference section */
		FE579AE327478461000C258E /* AlbumCollectionViewCell.swift */ = {isa = PBXFileReference; lastKnownFileType = sourcecode.swift; path = AlbumCollectionViewCell.swift; sourceTree = "<group>"; };
		FE579AE427478461000C258E /* AlbumCollectionViewCell.xib */ = {isa = PBXFileReference; lastKnownFileType = file.xib; path = AlbumCollectionViewCell.xib; sourceTree = "<group>"; };
		FE579AE72747E865000C258E /* SettingTableViewCell.swift */ = {isa = PBXFileReference; lastKnownFileType = sourcecode.swift; path = SettingTableViewCell.swift; sourceTree = "<group>"; };
		FE579AEB27493FF1000C258E /* Kyobo Handwriting 2019.otf */ = {isa = PBXFileReference; lastKnownFileType = file; path = "Kyobo Handwriting 2019.otf"; sourceTree = "<group>"; };
		FE579AF1274B7CEB000C258E /* FilterCollectionViewCell.swift */ = {isa = PBXFileReference; lastKnownFileType = sourcecode.swift; path = FilterCollectionViewCell.swift; sourceTree = "<group>"; };
		FE579AF2274B7CEB000C258E /* FilterCollectionViewCell.xib */ = {isa = PBXFileReference; lastKnownFileType = file.xib; path = FilterCollectionViewCell.xib; sourceTree = "<group>"; };
		FE579AF7274D5964000C258E /* PhotoFilter.swift */ = {isa = PBXFileReference; lastKnownFileType = sourcecode.swift; path = PhotoFilter.swift; sourceTree = "<group>"; };
		FE579B1D274DFE6B000C258E /* RealmModel.swift */ = {isa = PBXFileReference; lastKnownFileType = sourcecode.swift; path = RealmModel.swift; sourceTree = "<group>"; };
		FE579B1F274E04C6000C258E /* UIExtension.swift */ = {isa = PBXFileReference; lastKnownFileType = sourcecode.swift; path = UIExtension.swift; sourceTree = "<group>"; };
		FE579B28274F5E88000C258E /* PhotoDataExtension.swift */ = {isa = PBXFileReference; lastKnownFileType = sourcecode.swift; path = PhotoDataExtension.swift; sourceTree = "<group>"; };
		FE640D4E275682B000AFD405 /* License.storyboard */ = {isa = PBXFileReference; lastKnownFileType = file.storyboard; path = License.storyboard; sourceTree = "<group>"; };
		FE640D50275682CB00AFD405 /* LicenseViewController.swift */ = {isa = PBXFileReference; lastKnownFileType = sourcecode.swift; path = LicenseViewController.swift; sourceTree = "<group>"; };
		FE7491F82744DCE600AB8995 /* AlbumViewController.swift */ = {isa = PBXFileReference; lastKnownFileType = sourcecode.swift; path = AlbumViewController.swift; sourceTree = "<group>"; };
		FE7491FE2744DDF200AB8995 /* MainViewController.swift */ = {isa = PBXFileReference; lastKnownFileType = sourcecode.swift; path = MainViewController.swift; sourceTree = "<group>"; };
		FE7492002744DE0700AB8995 /* SettingViewController.swift */ = {isa = PBXFileReference; lastKnownFileType = sourcecode.swift; path = SettingViewController.swift; sourceTree = "<group>"; };
		FE7492022744E5FF00AB8995 /* Setting.storyboard */ = {isa = PBXFileReference; lastKnownFileType = file.storyboard; path = Setting.storyboard; sourceTree = "<group>"; };
		FE7492042744E60800AB8995 /* Main.storyboard */ = {isa = PBXFileReference; lastKnownFileType = file.storyboard; path = Main.storyboard; sourceTree = "<group>"; };
		FE7492062744E61400AB8995 /* Album.storyboard */ = {isa = PBXFileReference; lastKnownFileType = file.storyboard; path = Album.storyboard; sourceTree = "<group>"; };
		FE749208274623DE00AB8995 /* Add.storyboard */ = {isa = PBXFileReference; lastKnownFileType = file.storyboard; path = Add.storyboard; sourceTree = "<group>"; };
		FE74920A274623EE00AB8995 /* Picking.storyboard */ = {isa = PBXFileReference; lastKnownFileType = file.storyboard; path = Picking.storyboard; sourceTree = "<group>"; };
		FE74920C274623F700AB8995 /* Look.storyboard */ = {isa = PBXFileReference; lastKnownFileType = file.storyboard; path = Look.storyboard; sourceTree = "<group>"; };
		FE74920E2746240500AB8995 /* Modify.storyboard */ = {isa = PBXFileReference; lastKnownFileType = file.storyboard; path = Modify.storyboard; sourceTree = "<group>"; };
		FE7492102746241E00AB8995 /* AddViewController.swift */ = {isa = PBXFileReference; lastKnownFileType = sourcecode.swift; path = AddViewController.swift; sourceTree = "<group>"; };
		FE7492122746242A00AB8995 /* PickingViewController.swift */ = {isa = PBXFileReference; lastKnownFileType = sourcecode.swift; path = PickingViewController.swift; sourceTree = "<group>"; };
		FE7492142746243D00AB8995 /* LookViewController.swift */ = {isa = PBXFileReference; lastKnownFileType = sourcecode.swift; path = LookViewController.swift; sourceTree = "<group>"; };
		FE7492162746244800AB8995 /* ModifyViewController.swift */ = {isa = PBXFileReference; lastKnownFileType = sourcecode.swift; path = ModifyViewController.swift; sourceTree = "<group>"; };
		FE7492192746384800AB8995 /* MainCollectionViewCell.swift */ = {isa = PBXFileReference; lastKnownFileType = sourcecode.swift; path = MainCollectionViewCell.swift; sourceTree = "<group>"; };
		FE74921A2746384800AB8995 /* MainCollectionViewCell.xib */ = {isa = PBXFileReference; lastKnownFileType = file.xib; path = MainCollectionViewCell.xib; sourceTree = "<group>"; };
		FECA36E92742D02E00C01FF8 /* PhotoCard.app */ = {isa = PBXFileReference; explicitFileType = wrapper.application; includeInIndex = 0; path = PhotoCard.app; sourceTree = BUILT_PRODUCTS_DIR; };
		FECA36EC2742D02E00C01FF8 /* AppDelegate.swift */ = {isa = PBXFileReference; lastKnownFileType = sourcecode.swift; path = AppDelegate.swift; sourceTree = "<group>"; };
		FECA36EE2742D02E00C01FF8 /* SceneDelegate.swift */ = {isa = PBXFileReference; lastKnownFileType = sourcecode.swift; path = SceneDelegate.swift; sourceTree = "<group>"; };
		FECA36F32742D02E00C01FF8 /* Base */ = {isa = PBXFileReference; lastKnownFileType = file.storyboard; name = Base; path = Base.lproj/Base.storyboard; sourceTree = "<group>"; };
		FECA36F52742D03100C01FF8 /* Assets.xcassets */ = {isa = PBXFileReference; lastKnownFileType = folder.assetcatalog; path = Assets.xcassets; sourceTree = "<group>"; };
		FECA36F82742D03100C01FF8 /* Base */ = {isa = PBXFileReference; lastKnownFileType = file.storyboard; name = Base; path = Base.lproj/LaunchScreen.storyboard; sourceTree = "<group>"; };
		FECA36FA2742D03100C01FF8 /* Info.plist */ = {isa = PBXFileReference; lastKnownFileType = text.plist.xml; path = Info.plist; sourceTree = "<group>"; };
/* End PBXFileReference section */

/* Begin PBXFrameworksBuildPhase section */
		FECA36E62742D02E00C01FF8 /* Frameworks */ = {
			isa = PBXFrameworksBuildPhase;
			buildActionMask = 2147483647;
			files = (
				FE579B25274E0A36000C258E /* RealmSwift in Frameworks */,
				FE579B23274E0A36000C258E /* Realm in Frameworks */,
				FE640D4D2755F97E00AFD405 /* Zip in Frameworks */,
				FE640D4A27534ED000AFD405 /* IQKeyboardManagerSwift in Frameworks */,
			);
			runOnlyForDeploymentPostprocessing = 0;
		};
/* End PBXFrameworksBuildPhase section */

/* Begin PBXGroup section */
		FE579AE927481ED6000C258E /* Realm */ = {
			isa = PBXGroup;
			children = (
				FE579B1D274DFE6B000C258E /* RealmModel.swift */,
			);
			path = Realm;
			sourceTree = "<group>";
		};
		FE579AEA27493F79000C258E /* Font */ = {
			isa = PBXGroup;
			children = (
				FE579AEB27493FF1000C258E /* Kyobo Handwriting 2019.otf */,
			);
			path = Font;
			sourceTree = "<group>";
		};
		FE7491F72744DCD200AB8995 /* ViewController */ = {
			isa = PBXGroup;
			children = (
				FE7491FE2744DDF200AB8995 /* MainViewController.swift */,
				FE7492102746241E00AB8995 /* AddViewController.swift */,
				FE7491F82744DCE600AB8995 /* AlbumViewController.swift */,
				FE7492002744DE0700AB8995 /* SettingViewController.swift */,
				FE7492162746244800AB8995 /* ModifyViewController.swift */,
				FE7492122746242A00AB8995 /* PickingViewController.swift */,
				FE7492142746243D00AB8995 /* LookViewController.swift */,
				FE640D50275682CB00AFD405 /* LicenseViewController.swift */,
			);
			path = ViewController;
			sourceTree = "<group>";
		};
		FE74921827462E8300AB8995 /* CollectionViewCell */ = {
			isa = PBXGroup;
			children = (
				FE7492192746384800AB8995 /* MainCollectionViewCell.swift */,
				FE74921A2746384800AB8995 /* MainCollectionViewCell.xib */,
				FE579AE327478461000C258E /* AlbumCollectionViewCell.swift */,
				FE579AE427478461000C258E /* AlbumCollectionViewCell.xib */,
				FE579AF1274B7CEB000C258E /* FilterCollectionViewCell.swift */,
				FE579AF2274B7CEB000C258E /* FilterCollectionViewCell.xib */,
			);
			path = CollectionViewCell;
			sourceTree = "<group>";
		};
		FECA36E02742D02E00C01FF8 = {
			isa = PBXGroup;
			children = (
				FECA36EB2742D02E00C01FF8 /* PhotoCard */,
				FECA36EA2742D02E00C01FF8 /* Products */,
			);
			sourceTree = "<group>";
		};
		FECA36EA2742D02E00C01FF8 /* Products */ = {
			isa = PBXGroup;
			children = (
				FECA36E92742D02E00C01FF8 /* PhotoCard.app */,
			);
			name = Products;
			sourceTree = "<group>";
		};
		FECA36EB2742D02E00C01FF8 /* PhotoCard */ = {
			isa = PBXGroup;
			children = (
				FE579AEA27493F79000C258E /* Font */,
				FE579AE927481ED6000C258E /* Realm */,
				FE74921827462E8300AB8995 /* CollectionViewCell */,
				FE7491F72744DCD200AB8995 /* ViewController */,
				FECA370027438CFC00C01FF8 /* StroyBoard */,
				FECA36EC2742D02E00C01FF8 /* AppDelegate.swift */,
				FECA36EE2742D02E00C01FF8 /* SceneDelegate.swift */,
				FECA36F52742D03100C01FF8 /* Assets.xcassets */,
				FECA36F72742D03100C01FF8 /* LaunchScreen.storyboard */,
				FECA36FA2742D03100C01FF8 /* Info.plist */,
				FE579B28274F5E88000C258E /* PhotoDataExtension.swift */,
				FE579AF7274D5964000C258E /* PhotoFilter.swift */,
				FE579AE72747E865000C258E /* SettingTableViewCell.swift */,
				FE579B1F274E04C6000C258E /* UIExtension.swift */,
			);
			path = PhotoCard;
			sourceTree = "<group>";
		};
		FECA370027438CFC00C01FF8 /* StroyBoard */ = {
			isa = PBXGroup;
			children = (
				FECA36F22742D02E00C01FF8 /* Base.storyboard */,
				FE7492042744E60800AB8995 /* Main.storyboard */,
				FE7492062744E61400AB8995 /* Album.storyboard */,
				FE7492022744E5FF00AB8995 /* Setting.storyboard */,
				FE749208274623DE00AB8995 /* Add.storyboard */,
				FE74920A274623EE00AB8995 /* Picking.storyboard */,
				FE74920C274623F700AB8995 /* Look.storyboard */,
				FE74920E2746240500AB8995 /* Modify.storyboard */,
				FE640D4E275682B000AFD405 /* License.storyboard */,
			);
			path = StroyBoard;
			sourceTree = "<group>";
		};
/* End PBXGroup section */

/* Begin PBXNativeTarget section */
		FECA36E82742D02E00C01FF8 /* PhotoCard */ = {
			isa = PBXNativeTarget;
			buildConfigurationList = FECA36FD2742D03100C01FF8 /* Build configuration list for PBXNativeTarget "PhotoCard" */;
			buildPhases = (
				FECA36E52742D02E00C01FF8 /* Sources */,
				FECA36E62742D02E00C01FF8 /* Frameworks */,
				FECA36E72742D02E00C01FF8 /* Resources */,
			);
			buildRules = (
			);
			dependencies = (
			);
			name = PhotoCard;
			packageProductDependencies = (
				FE579B22274E0A36000C258E /* Realm */,
				FE579B24274E0A36000C258E /* RealmSwift */,
				FE640D4927534ED000AFD405 /* IQKeyboardManagerSwift */,
				FE640D4C2755F97E00AFD405 /* Zip */,
			);
			productName = PhotoCard;
			productReference = FECA36E92742D02E00C01FF8 /* PhotoCard.app */;
			productType = "com.apple.product-type.application";
		};
/* End PBXNativeTarget section */

/* Begin PBXProject section */
		FECA36E12742D02E00C01FF8 /* Project object */ = {
			isa = PBXProject;
			attributes = {
				BuildIndependentTargetsInParallel = 1;
				LastSwiftUpdateCheck = 1310;
				LastUpgradeCheck = 1310;
				TargetAttributes = {
					FECA36E82742D02E00C01FF8 = {
						CreatedOnToolsVersion = 13.1;
					};
				};
			};
			buildConfigurationList = FECA36E42742D02E00C01FF8 /* Build configuration list for PBXProject "PhotoCard" */;
			compatibilityVersion = "Xcode 13.0";
			developmentRegion = en;
			hasScannedForEncodings = 0;
			knownRegions = (
				en,
				Base,
			);
			mainGroup = FECA36E02742D02E00C01FF8;
			packageReferences = (
				FE579B21274E0A36000C258E /* XCRemoteSwiftPackageReference "realm-cocoa" */,
				FE640D4827534ED000AFD405 /* XCRemoteSwiftPackageReference "IQKeyboardManager" */,
				FE640D4B2755F97E00AFD405 /* XCRemoteSwiftPackageReference "Zip" */,
			);
			productRefGroup = FECA36EA2742D02E00C01FF8 /* Products */;
			projectDirPath = "";
			projectRoot = "";
			targets = (
				FECA36E82742D02E00C01FF8 /* PhotoCard */,
			);
		};
/* End PBXProject section */

/* Begin PBXResourcesBuildPhase section */
		FECA36E72742D02E00C01FF8 /* Resources */ = {
			isa = PBXResourcesBuildPhase;
			buildActionMask = 2147483647;
			files = (
				FECA36F92742D03100C01FF8 /* LaunchScreen.storyboard in Resources */,
				FE7492052744E60800AB8995 /* Main.storyboard in Resources */,
				FE74920D274623F700AB8995 /* Look.storyboard in Resources */,
				FE749209274623DE00AB8995 /* Add.storyboard in Resources */,
				FE579AE627478461000C258E /* AlbumCollectionViewCell.xib in Resources */,
				FE579AEC27493FF1000C258E /* Kyobo Handwriting 2019.otf in Resources */,
				FE74920F2746240500AB8995 /* Modify.storyboard in Resources */,
				FE7492072744E61400AB8995 /* Album.storyboard in Resources */,
				FE640D4F275682B000AFD405 /* License.storyboard in Resources */,
				FECA36F62742D03100C01FF8 /* Assets.xcassets in Resources */,
				FECA36F42742D02E00C01FF8 /* Base.storyboard in Resources */,
				FE579AF4274B7CEC000C258E /* FilterCollectionViewCell.xib in Resources */,
				FE74921C2746384800AB8995 /* MainCollectionViewCell.xib in Resources */,
				FE74920B274623EE00AB8995 /* Picking.storyboard in Resources */,
				FE7492032744E5FF00AB8995 /* Setting.storyboard in Resources */,
			);
			runOnlyForDeploymentPostprocessing = 0;
		};
/* End PBXResourcesBuildPhase section */

/* Begin PBXSourcesBuildPhase section */
		FECA36E52742D02E00C01FF8 /* Sources */ = {
			isa = PBXSourcesBuildPhase;
			buildActionMask = 2147483647;
			files = (
				FE7491F92744DCE600AB8995 /* AlbumViewController.swift in Sources */,
				FE579AE527478461000C258E /* AlbumCollectionViewCell.swift in Sources */,
				FE579AE82747E865000C258E /* SettingTableViewCell.swift in Sources */,
				FE7492132746242A00AB8995 /* PickingViewController.swift in Sources */,
				FE7492112746241E00AB8995 /* AddViewController.swift in Sources */,
				FECA36ED2742D02E00C01FF8 /* AppDelegate.swift in Sources */,
				FE579B29274F5E88000C258E /* PhotoDataExtension.swift in Sources */,
				FE579AF3274B7CEC000C258E /* FilterCollectionViewCell.swift in Sources */,
				FECA36EF2742D02E00C01FF8 /* SceneDelegate.swift in Sources */,
				FE7491FF2744DDF200AB8995 /* MainViewController.swift in Sources */,
				FE74921B2746384800AB8995 /* MainCollectionViewCell.swift in Sources */,
				FE7492152746243D00AB8995 /* LookViewController.swift in Sources */,
				FE7492172746244800AB8995 /* ModifyViewController.swift in Sources */,
				FE579B1E274DFE6B000C258E /* RealmModel.swift in Sources */,
				FE579B20274E04C6000C258E /* UIExtension.swift in Sources */,
				FE640D51275682CB00AFD405 /* LicenseViewController.swift in Sources */,
				FE579AF8274D5964000C258E /* PhotoFilter.swift in Sources */,
				FE7492012744DE0700AB8995 /* SettingViewController.swift in Sources */,
			);
			runOnlyForDeploymentPostprocessing = 0;
		};
/* End PBXSourcesBuildPhase section */

/* Begin PBXVariantGroup section */
		FECA36F22742D02E00C01FF8 /* Base.storyboard */ = {
			isa = PBXVariantGroup;
			children = (
				FECA36F32742D02E00C01FF8 /* Base */,
			);
			name = Base.storyboard;
			sourceTree = "<group>";
		};
		FECA36F72742D03100C01FF8 /* LaunchScreen.storyboard */ = {
			isa = PBXVariantGroup;
			children = (
				FECA36F82742D03100C01FF8 /* Base */,
			);
			name = LaunchScreen.storyboard;
			sourceTree = "<group>";
		};
/* End PBXVariantGroup section */

/* Begin XCBuildConfiguration section */
		FECA36FB2742D03100C01FF8 /* Debug */ = {
			isa = XCBuildConfiguration;
			buildSettings = {
				ALWAYS_SEARCH_USER_PATHS = NO;
				CLANG_ANALYZER_NONNULL = YES;
				CLANG_ANALYZER_NUMBER_OBJECT_CONVERSION = YES_AGGRESSIVE;
				CLANG_CXX_LANGUAGE_STANDARD = "gnu++17";
				CLANG_CXX_LIBRARY = "libc++";
				CLANG_ENABLE_MODULES = YES;
				CLANG_ENABLE_OBJC_ARC = YES;
				CLANG_ENABLE_OBJC_WEAK = YES;
				CLANG_WARN_BLOCK_CAPTURE_AUTORELEASING = YES;
				CLANG_WARN_BOOL_CONVERSION = YES;
				CLANG_WARN_COMMA = YES;
				CLANG_WARN_CONSTANT_CONVERSION = YES;
				CLANG_WARN_DEPRECATED_OBJC_IMPLEMENTATIONS = YES;
				CLANG_WARN_DIRECT_OBJC_ISA_USAGE = YES_ERROR;
				CLANG_WARN_DOCUMENTATION_COMMENTS = YES;
				CLANG_WARN_EMPTY_BODY = YES;
				CLANG_WARN_ENUM_CONVERSION = YES;
				CLANG_WARN_INFINITE_RECURSION = YES;
				CLANG_WARN_INT_CONVERSION = YES;
				CLANG_WARN_NON_LITERAL_NULL_CONVERSION = YES;
				CLANG_WARN_OBJC_IMPLICIT_RETAIN_SELF = YES;
				CLANG_WARN_OBJC_LITERAL_CONVERSION = YES;
				CLANG_WARN_OBJC_ROOT_CLASS = YES_ERROR;
				CLANG_WARN_QUOTED_INCLUDE_IN_FRAMEWORK_HEADER = YES;
				CLANG_WARN_RANGE_LOOP_ANALYSIS = YES;
				CLANG_WARN_STRICT_PROTOTYPES = YES;
				CLANG_WARN_SUSPICIOUS_MOVE = YES;
				CLANG_WARN_UNGUARDED_AVAILABILITY = YES_AGGRESSIVE;
				CLANG_WARN_UNREACHABLE_CODE = YES;
				CLANG_WARN__DUPLICATE_METHOD_MATCH = YES;
				COPY_PHASE_STRIP = NO;
				DEBUG_INFORMATION_FORMAT = dwarf;
				ENABLE_STRICT_OBJC_MSGSEND = YES;
				ENABLE_TESTABILITY = YES;
				GCC_C_LANGUAGE_STANDARD = gnu11;
				GCC_DYNAMIC_NO_PIC = NO;
				GCC_NO_COMMON_BLOCKS = YES;
				GCC_OPTIMIZATION_LEVEL = 0;
				GCC_PREPROCESSOR_DEFINITIONS = (
					"DEBUG=1",
					"$(inherited)",
				);
				GCC_WARN_64_TO_32_BIT_CONVERSION = YES;
				GCC_WARN_ABOUT_RETURN_TYPE = YES_ERROR;
				GCC_WARN_UNDECLARED_SELECTOR = YES;
				GCC_WARN_UNINITIALIZED_AUTOS = YES_AGGRESSIVE;
				GCC_WARN_UNUSED_FUNCTION = YES;
				GCC_WARN_UNUSED_VARIABLE = YES;
				IPHONEOS_DEPLOYMENT_TARGET = 15.0;
				MTL_ENABLE_DEBUG_INFO = INCLUDE_SOURCE;
				MTL_FAST_MATH = YES;
				ONLY_ACTIVE_ARCH = YES;
				SDKROOT = iphoneos;
				SWIFT_ACTIVE_COMPILATION_CONDITIONS = DEBUG;
				SWIFT_OPTIMIZATION_LEVEL = "-Onone";
			};
			name = Debug;
		};
		FECA36FC2742D03100C01FF8 /* Release */ = {
			isa = XCBuildConfiguration;
			buildSettings = {
				ALWAYS_SEARCH_USER_PATHS = NO;
				CLANG_ANALYZER_NONNULL = YES;
				CLANG_ANALYZER_NUMBER_OBJECT_CONVERSION = YES_AGGRESSIVE;
				CLANG_CXX_LANGUAGE_STANDARD = "gnu++17";
				CLANG_CXX_LIBRARY = "libc++";
				CLANG_ENABLE_MODULES = YES;
				CLANG_ENABLE_OBJC_ARC = YES;
				CLANG_ENABLE_OBJC_WEAK = YES;
				CLANG_WARN_BLOCK_CAPTURE_AUTORELEASING = YES;
				CLANG_WARN_BOOL_CONVERSION = YES;
				CLANG_WARN_COMMA = YES;
				CLANG_WARN_CONSTANT_CONVERSION = YES;
				CLANG_WARN_DEPRECATED_OBJC_IMPLEMENTATIONS = YES;
				CLANG_WARN_DIRECT_OBJC_ISA_USAGE = YES_ERROR;
				CLANG_WARN_DOCUMENTATION_COMMENTS = YES;
				CLANG_WARN_EMPTY_BODY = YES;
				CLANG_WARN_ENUM_CONVERSION = YES;
				CLANG_WARN_INFINITE_RECURSION = YES;
				CLANG_WARN_INT_CONVERSION = YES;
				CLANG_WARN_NON_LITERAL_NULL_CONVERSION = YES;
				CLANG_WARN_OBJC_IMPLICIT_RETAIN_SELF = YES;
				CLANG_WARN_OBJC_LITERAL_CONVERSION = YES;
				CLANG_WARN_OBJC_ROOT_CLASS = YES_ERROR;
				CLANG_WARN_QUOTED_INCLUDE_IN_FRAMEWORK_HEADER = YES;
				CLANG_WARN_RANGE_LOOP_ANALYSIS = YES;
				CLANG_WARN_STRICT_PROTOTYPES = YES;
				CLANG_WARN_SUSPICIOUS_MOVE = YES;
				CLANG_WARN_UNGUARDED_AVAILABILITY = YES_AGGRESSIVE;
				CLANG_WARN_UNREACHABLE_CODE = YES;
				CLANG_WARN__DUPLICATE_METHOD_MATCH = YES;
				COPY_PHASE_STRIP = NO;
				DEBUG_INFORMATION_FORMAT = "dwarf-with-dsym";
				ENABLE_NS_ASSERTIONS = NO;
				ENABLE_STRICT_OBJC_MSGSEND = YES;
				GCC_C_LANGUAGE_STANDARD = gnu11;
				GCC_NO_COMMON_BLOCKS = YES;
				GCC_WARN_64_TO_32_BIT_CONVERSION = YES;
				GCC_WARN_ABOUT_RETURN_TYPE = YES_ERROR;
				GCC_WARN_UNDECLARED_SELECTOR = YES;
				GCC_WARN_UNINITIALIZED_AUTOS = YES_AGGRESSIVE;
				GCC_WARN_UNUSED_FUNCTION = YES;
				GCC_WARN_UNUSED_VARIABLE = YES;
				IPHONEOS_DEPLOYMENT_TARGET = 15.0;
				MTL_ENABLE_DEBUG_INFO = NO;
				MTL_FAST_MATH = YES;
				SDKROOT = iphoneos;
				SWIFT_COMPILATION_MODE = wholemodule;
				SWIFT_OPTIMIZATION_LEVEL = "-O";
				VALIDATE_PRODUCT = YES;
			};
			name = Release;
		};
		FECA36FE2742D03100C01FF8 /* Debug */ = {
			isa = XCBuildConfiguration;
			buildSettings = {
				ASSETCATALOG_COMPILER_APPICON_NAME = AppIcon;
				ASSETCATALOG_COMPILER_GLOBAL_ACCENT_COLOR_NAME = AccentColor;
				CODE_SIGN_STYLE = Automatic;
				CURRENT_PROJECT_VERSION = 4;
				DEVELOPMENT_TEAM = NNJ9X2K872;
				GENERATE_INFOPLIST_FILE = YES;
				INFOPLIST_FILE = PhotoCard/Info.plist;
				INFOPLIST_KEY_CFBundleDisplayName = PolaCard;
				INFOPLIST_KEY_NSCameraUsageDescription = "\"PolaCard\"가 사진을 촬영하여 첨부하는 기능 사용을 위해 카메라에 접근하도록 허용합니다.";
				INFOPLIST_KEY_NSPhotoLibraryUsageDescription = "\"PolaCard\"가 사진을 등록하는 기능 사용을 위해 사진 라이브러리에 접근하도록 허용합니다.";
				INFOPLIST_KEY_UIApplicationSupportsIndirectInputEvents = YES;
				INFOPLIST_KEY_UILaunchStoryboardName = LaunchScreen;
				INFOPLIST_KEY_UIMainStoryboardFile = Base;
				INFOPLIST_KEY_UISupportedInterfaceOrientations = UIInterfaceOrientationPortrait;
				INFOPLIST_KEY_UISupportedInterfaceOrientations_iPad = "UIInterfaceOrientationPortrait UIInterfaceOrientationPortraitUpsideDown UIInterfaceOrientationLandscapeLeft UIInterfaceOrientationLandscapeRight";
				INFOPLIST_KEY_UISupportedInterfaceOrientations_iPhone = "UIInterfaceOrientationPortrait UIInterfaceOrientationLandscapeLeft UIInterfaceOrientationLandscapeRight";
				INFOPLIST_KEY_UIUserInterfaceStyle = Light;
				IPHONEOS_DEPLOYMENT_TARGET = 14.0;
				LD_RUNPATH_SEARCH_PATHS = (
					"$(inherited)",
					"@executable_path/Frameworks",
				);
				MARKETING_VERSION = 1.0;
				PRODUCT_BUNDLE_IDENTIFIER = com.Hoo.PhotoCard;
				PRODUCT_NAME = "$(TARGET_NAME)";
				SWIFT_EMIT_LOC_STRINGS = YES;
				SWIFT_VERSION = 5.0;
				TARGETED_DEVICE_FAMILY = 1;
			};
			name = Debug;
		};
		FECA36FF2742D03100C01FF8 /* Release */ = {
			isa = XCBuildConfiguration;
			buildSettings = {
				ASSETCATALOG_COMPILER_APPICON_NAME = AppIcon;
				ASSETCATALOG_COMPILER_GLOBAL_ACCENT_COLOR_NAME = AccentColor;
				CODE_SIGN_STYLE = Automatic;
				CURRENT_PROJECT_VERSION = 4;
				DEVELOPMENT_TEAM = NNJ9X2K872;
				GENERATE_INFOPLIST_FILE = YES;
				INFOPLIST_FILE = PhotoCard/Info.plist;
				INFOPLIST_KEY_CFBundleDisplayName = PolaCard;
				INFOPLIST_KEY_NSCameraUsageDescription = "\"PolaCard\"가 사진을 촬영하여 첨부하는 기능 사용을 위해 카메라에 접근하도록 허용합니다.";
				INFOPLIST_KEY_NSPhotoLibraryUsageDescription = "\"PolaCard\"가 사진을 등록하는 기능 사용을 위해 사진 라이브러리에 접근하도록 허용합니다.";
				INFOPLIST_KEY_UIApplicationSupportsIndirectInputEvents = YES;
				INFOPLIST_KEY_UILaunchStoryboardName = LaunchScreen;
				INFOPLIST_KEY_UIMainStoryboardFile = Base;
				INFOPLIST_KEY_UISupportedInterfaceOrientations = UIInterfaceOrientationPortrait;
				INFOPLIST_KEY_UISupportedInterfaceOrientations_iPad = "UIInterfaceOrientationPortrait UIInterfaceOrientationPortraitUpsideDown UIInterfaceOrientationLandscapeLeft UIInterfaceOrientationLandscapeRight";
				INFOPLIST_KEY_UISupportedInterfaceOrientations_iPhone = "UIInterfaceOrientationPortrait UIInterfaceOrientationLandscapeLeft UIInterfaceOrientationLandscapeRight";
				INFOPLIST_KEY_UIUserInterfaceStyle = Light;
				IPHONEOS_DEPLOYMENT_TARGET = 14.0;
				LD_RUNPATH_SEARCH_PATHS = (
					"$(inherited)",
					"@executable_path/Frameworks",
				);
				MARKETING_VERSION = 1.0;
				PRODUCT_BUNDLE_IDENTIFIER = com.Hoo.PhotoCard;
				PRODUCT_NAME = "$(TARGET_NAME)";
				SWIFT_EMIT_LOC_STRINGS = YES;
				SWIFT_VERSION = 5.0;
				TARGETED_DEVICE_FAMILY = 1;
			};
			name = Release;
		};
/* End XCBuildConfiguration section */

/* Begin XCConfigurationList section */
		FECA36E42742D02E00C01FF8 /* Build configuration list for PBXProject "PhotoCard" */ = {
			isa = XCConfigurationList;
			buildConfigurations = (
				FECA36FB2742D03100C01FF8 /* Debug */,
				FECA36FC2742D03100C01FF8 /* Release */,
			);
			defaultConfigurationIsVisible = 0;
			defaultConfigurationName = Release;
		};
		FECA36FD2742D03100C01FF8 /* Build configuration list for PBXNativeTarget "PhotoCard" */ = {
			isa = XCConfigurationList;
			buildConfigurations = (
				FECA36FE2742D03100C01FF8 /* Debug */,
				FECA36FF2742D03100C01FF8 /* Release */,
			);
			defaultConfigurationIsVisible = 0;
			defaultConfigurationName = Release;
		};
/* End XCConfigurationList section */

/* Begin XCRemoteSwiftPackageReference section */
		FE579B21274E0A36000C258E /* XCRemoteSwiftPackageReference "realm-cocoa" */ = {
			isa = XCRemoteSwiftPackageReference;
			repositoryURL = "https://github.com/realm/realm-cocoa.git";
			requirement = {
				kind = exactVersion;
				version = 10.18.0;
			};
		};
		FE640D4827534ED000AFD405 /* XCRemoteSwiftPackageReference "IQKeyboardManager" */ = {
			isa = XCRemoteSwiftPackageReference;
			repositoryURL = "https://github.com/hackiftekhar/IQKeyboardManager.git";
			requirement = {
				kind = upToNextMajorVersion;
				minimumVersion = 6.5.0;
			};
		};
		FE640D4B2755F97E00AFD405 /* XCRemoteSwiftPackageReference "Zip" */ = {
			isa = XCRemoteSwiftPackageReference;
			repositoryURL = "https://github.com/marmelroy/Zip.git";
			requirement = {
				kind = upToNextMajorVersion;
				minimumVersion = 2.0.0;
			};
		};
/* End XCRemoteSwiftPackageReference section */

/* Begin XCSwiftPackageProductDependency section */
		FE579B22274E0A36000C258E /* Realm */ = {
			isa = XCSwiftPackageProductDependency;
			package = FE579B21274E0A36000C258E /* XCRemoteSwiftPackageReference "realm-cocoa" */;
			productName = Realm;
		};
		FE579B24274E0A36000C258E /* RealmSwift */ = {
			isa = XCSwiftPackageProductDependency;
			package = FE579B21274E0A36000C258E /* XCRemoteSwiftPackageReference "realm-cocoa" */;
			productName = RealmSwift;
		};
		FE640D4927534ED000AFD405 /* IQKeyboardManagerSwift */ = {
			isa = XCSwiftPackageProductDependency;
			package = FE640D4827534ED000AFD405 /* XCRemoteSwiftPackageReference "IQKeyboardManager" */;
			productName = IQKeyboardManagerSwift;
		};
		FE640D4C2755F97E00AFD405 /* Zip */ = {
			isa = XCSwiftPackageProductDependency;
			package = FE640D4B2755F97E00AFD405 /* XCRemoteSwiftPackageReference "Zip" */;
			productName = Zip;
		};
/* End XCSwiftPackageProductDependency section */
	};
	rootObject = FECA36E12742D02E00C01FF8 /* Project object */;
}
